
Microsoft Visual Studio Solution File, Format Version 12.00
# Visual Studio Version 17
VisualStudioVersion = 17.10.34928.147
MinimumVisualStudioVersion = 10.0.40219.1
Project("{8BC9CEB8-8B4A-11D0-8D11-00A0C91BC942}") = "4.3", "4.3\4.3.vcxproj", "{CEDE46BA-C1B4-4A14-BBD2-B6699E6C2384}"
EndProject
Global
	GlobalSection(SolutionConfigurationPlatforms) = preSolution
		Debug|x64 = Debug|x64
		Debug|x86 = Debug|x86
		Release|x64 = Release|x64
		Release|x86 = Release|x86
	EndGlobalSection
	GlobalSection(ProjectConfigurationPlatforms) = postSolution
		{CEDE46BA-C1B4-4A14-BBD2-B6699E6C2384}.Debug|x64.ActiveCfg = Debug|x64
		{CEDE46BA-C1B4-4A14-BBD2-B6699E6C2384}.Debug|x64.Build.0 = Debug|x64
		{CEDE46BA-C1B4-4A14-BBD2-B6699E6C2384}.Debug|x86.ActiveCfg = Debug|Win32
		{CEDE46BA-C1B4-4A14-BBD2-B6699E6C2384}.Debug|x86.Build.0 = Debug|Win32
		{CEDE46BA-C1B4-4A14-BBD2-B6699E6C2384}.Release|x64.ActiveCfg = Release|x64
		{CEDE46BA-C1B4-4A14-BBD2-B6699E6C2384}.Release|x64.Build.0 = Release|x64
		{CEDE46BA-C1B4-4A14-BBD2-B6699E6C2384}.Release|x86.ActiveCfg = Release|Win32
		{CEDE46BA-C1B4-4A14-BBD2-B6699E6C2384}.Release|x86.Build.0 = Release|Win32
	EndGlobalSection
	GlobalSection(SolutionProperties) = preSolution
		HideSolutionNode = FALSE
	EndGlobalSection
	GlobalSection(ExtensibilityGlobals) = postSolution
		SolutionGuid = {AA6F1D51-3DEA-409A-9587-C37F59052485}
	EndGlobalSection
EndGlobal
